
Microsoft Visual Studio Solution File, Format Version 12.00
# Visual Studio Version 17
VisualStudioVersion = 17.3.32825.248
MinimumVisualStudioVersion = 10.0.40219.1
Project("{FAE04EC0-301F-11D3-BF4B-00C04F79EFBC}") = "Exec_MathTool", "Exec_MathTool\Exec_MathTool.csproj", "{BAB05E85-8C03-41D7-ADDD-D015B136A842}"
EndProject
Global
	GlobalSection(SolutionConfigurationPlatforms) = preSolution
		Debug|Any CPU = Debug|Any CPU
		Release|Any CPU = Release|Any CPU
	EndGlobalSection
	GlobalSection(ProjectConfigurationPlatforms) = postSolution
		{BAB05E85-8C03-41D7-ADDD-D015B136A842}.Debug|Any CPU.ActiveCfg = Debug|Any CPU
		{BAB05E85-8C03-41D7-ADDD-D015B136A842}.Debug|Any CPU.Build.0 = Debug|Any CPU
		{BAB05E85-8C03-41D7-ADDD-D015B136A842}.Release|Any CPU.ActiveCfg = Release|Any CPU
		{BAB05E85-8C03-41D7-ADDD-D015B136A842}.Release|Any CPU.Build.0 = Release|Any CPU
	EndGlobalSection
	GlobalSection(SolutionProperties) = preSolution
		HideSolutionNode = FALSE
	EndGlobalSection
	GlobalSection(ExtensibilityGlobals) = postSolution
		SolutionGuid = {5C6C116B-9940-444B-ABA6-5208A4D22B0A}
	EndGlobalSection
EndGlobal
